
Microsoft Visual Studio Solution File, Format Version 12.00
# Visual Studio Version 17
VisualStudioVersion = 17.2.32526.322
MinimumVisualStudioVersion = 10.0.40219.1
Project("{FAE04EC0-301F-11D3-BF4B-00C04F79EFBC}") = "EvenOddSort", "EvenOddSort\EvenOddSort.csproj", "{3B8FD4FF-4FAB-446B-A7C3-1E4BA975FB3E}"
EndProject
Global
	GlobalSection(SolutionConfigurationPlatforms) = preSolution
		Debug|Any CPU = Debug|Any CPU
		Release|Any CPU = Release|Any CPU
	EndGlobalSection
	GlobalSection(ProjectConfigurationPlatforms) = postSolution
		{3B8FD4FF-4FAB-446B-A7C3-1E4BA975FB3E}.Debug|Any CPU.ActiveCfg = Debug|Any CPU
		{3B8FD4FF-4FAB-446B-A7C3-1E4BA975FB3E}.Debug|Any CPU.Build.0 = Debug|Any CPU
		{3B8FD4FF-4FAB-446B-A7C3-1E4BA975FB3E}.Release|Any CPU.ActiveCfg = Release|Any CPU
		{3B8FD4FF-4FAB-446B-A7C3-1E4BA975FB3E}.Release|Any CPU.Build.0 = Release|Any CPU
	EndGlobalSection
	GlobalSection(SolutionProperties) = preSolution
		HideSolutionNode = FALSE
	EndGlobalSection
	GlobalSection(ExtensibilityGlobals) = postSolution
		SolutionGuid = {579D9ECA-A605-4E15-9880-C94437FF5BE2}
	EndGlobalSection
EndGlobal
